// !$*UTF8*$!
{
	archiveVersion = 1;
	classes = {
	};
	objectVersion = 55;
	objects = {

/* Begin PBXBuildFile section */
		2E17036B29CF6B3200EE26D1 /* CalculatorVC.swift in Sources */ = {isa = PBXBuildFile; fileRef = 2E17036A29CF6B3200EE26D1 /* CalculatorVC.swift */; };
		2E17036E29CF6C4400EE26D1 /* CalculatorScreen.swift in Sources */ = {isa = PBXBuildFile; fileRef = 2E17036D29CF6C4400EE26D1 /* CalculatorScreen.swift */; };
		2E76E91229EFE4FD00DBC66F /* uiTextFieldExtesion.swift in Sources */ = {isa = PBXBuildFile; fileRef = 2E76E91129EFE4FD00DBC66F /* uiTextFieldExtesion.swift */; };
		2E76E91429EFEB3D00DBC66F /* uiViewControllerExtension.swift in Sources */ = {isa = PBXBuildFile; fileRef = 2E76E91329EFEB3D00DBC66F /* uiViewControllerExtension.swift */; };
		2E7E1A2129E7F76300F83B0B /* Alert.swift in Sources */ = {isa = PBXBuildFile; fileRef = 2E7E1A2029E7F76300F83B0B /* Alert.swift */; };
		2E7E1A2429E801E800F83B0B /* ResultVC.swift in Sources */ = {isa = PBXBuildFile; fileRef = 2E7E1A2329E801E800F83B0B /* ResultVC.swift */; };
		2E7E1A2729E8037900F83B0B /* ResultScreen.swift in Sources */ = {isa = PBXBuildFile; fileRef = 2E7E1A2629E8037900F83B0B /* ResultScreen.swift */; };
		2E836ACC29CD978300E96F62 /* HomeScreen.swift in Sources */ = {isa = PBXBuildFile; fileRef = 2E836ACB29CD978300E96F62 /* HomeScreen.swift */; };
		2EBB51F729CCE111007D9D32 /* AppDelegate.swift in Sources */ = {isa = PBXBuildFile; fileRef = 2EBB51F629CCE111007D9D32 /* AppDelegate.swift */; };
		2EBB51F929CCE111007D9D32 /* SceneDelegate.swift in Sources */ = {isa = PBXBuildFile; fileRef = 2EBB51F829CCE111007D9D32 /* SceneDelegate.swift */; };
		2EBB51FB29CCE111007D9D32 /* HomeVC.swift in Sources */ = {isa = PBXBuildFile; fileRef = 2EBB51FA29CCE111007D9D32 /* HomeVC.swift */; };
		2EBB520029CCE115007D9D32 /* Assets.xcassets in Resources */ = {isa = PBXBuildFile; fileRef = 2EBB51FF29CCE114007D9D32 /* Assets.xcassets */; };
		2EBB520329CCE115007D9D32 /* LaunchScreen.storyboard in Resources */ = {isa = PBXBuildFile; fileRef = 2EBB520129CCE115007D9D32 /* LaunchScreen.storyboard */; };
		CD613E17C2E43257F3F4E454 /* Pods_Fuel.framework in Frameworks */ = {isa = PBXBuildFile; fileRef = 4DB771B5609D732B902D5929 /* Pods_Fuel.framework */; };
/* End PBXBuildFile section */

/* Begin PBXFileReference section */
		2E17036A29CF6B3200EE26D1 /* CalculatorVC.swift */ = {isa = PBXFileReference; lastKnownFileType = sourcecode.swift; path = CalculatorVC.swift; sourceTree = "<group>"; };
		2E17036D29CF6C4400EE26D1 /* CalculatorScreen.swift */ = {isa = PBXFileReference; lastKnownFileType = sourcecode.swift; path = CalculatorScreen.swift; sourceTree = "<group>"; };
		2E76E91129EFE4FD00DBC66F /* uiTextFieldExtesion.swift */ = {isa = PBXFileReference; lastKnownFileType = sourcecode.swift; path = uiTextFieldExtesion.swift; sourceTree = "<group>"; };
		2E76E91329EFEB3D00DBC66F /* uiViewControllerExtension.swift */ = {isa = PBXFileReference; lastKnownFileType = sourcecode.swift; path = uiViewControllerExtension.swift; sourceTree = "<group>"; };
		2E7E1A2029E7F76300F83B0B /* Alert.swift */ = {isa = PBXFileReference; lastKnownFileType = sourcecode.swift; path = Alert.swift; sourceTree = "<group>"; };
		2E7E1A2329E801E800F83B0B /* ResultVC.swift */ = {isa = PBXFileReference; lastKnownFileType = sourcecode.swift; path = ResultVC.swift; sourceTree = "<group>"; };
		2E7E1A2629E8037900F83B0B /* ResultScreen.swift */ = {isa = PBXFileReference; lastKnownFileType = sourcecode.swift; path = ResultScreen.swift; sourceTree = "<group>"; };
		2E836ACB29CD978300E96F62 /* HomeScreen.swift */ = {isa = PBXFileReference; lastKnownFileType = sourcecode.swift; path = HomeScreen.swift; sourceTree = "<group>"; };
		2EBB51F329CCE111007D9D32 /* Fuel.app */ = {isa = PBXFileReference; explicitFileType = wrapper.application; includeInIndex = 0; path = Fuel.app; sourceTree = BUILT_PRODUCTS_DIR; };
		2EBB51F629CCE111007D9D32 /* AppDelegate.swift */ = {isa = PBXFileReference; lastKnownFileType = sourcecode.swift; path = AppDelegate.swift; sourceTree = "<group>"; };
		2EBB51F829CCE111007D9D32 /* SceneDelegate.swift */ = {isa = PBXFileReference; lastKnownFileType = sourcecode.swift; path = SceneDelegate.swift; sourceTree = "<group>"; };
		2EBB51FA29CCE111007D9D32 /* HomeVC.swift */ = {isa = PBXFileReference; lastKnownFileType = sourcecode.swift; path = HomeVC.swift; sourceTree = "<group>"; };
		2EBB51FF29CCE114007D9D32 /* Assets.xcassets */ = {isa = PBXFileReference; lastKnownFileType = folder.assetcatalog; path = Assets.xcassets; sourceTree = "<group>"; };
		2EBB520229CCE115007D9D32 /* Base */ = {isa = PBXFileReference; lastKnownFileType = file.storyboard; name = Base; path = Base.lproj/LaunchScreen.storyboard; sourceTree = "<group>"; };
		2EBB520429CCE115007D9D32 /* Info.plist */ = {isa = PBXFileReference; lastKnownFileType = text.plist.xml; path = Info.plist; sourceTree = "<group>"; };
		4DB771B5609D732B902D5929 /* Pods_Fuel.framework */ = {isa = PBXFileReference; explicitFileType = wrapper.framework; includeInIndex = 0; path = Pods_Fuel.framework; sourceTree = BUILT_PRODUCTS_DIR; };
		528A69E1BA43E5B3D2EE6070 /* Pods-Fuel.debug.xcconfig */ = {isa = PBXFileReference; includeInIndex = 1; lastKnownFileType = text.xcconfig; name = "Pods-Fuel.debug.xcconfig"; path = "Target Support Files/Pods-Fuel/Pods-Fuel.debug.xcconfig"; sourceTree = "<group>"; };
		BC7C0DD8162CA7178F003FBF /* Pods-Fuel.release.xcconfig */ = {isa = PBXFileReference; includeInIndex = 1; lastKnownFileType = text.xcconfig; name = "Pods-Fuel.release.xcconfig"; path = "Target Support Files/Pods-Fuel/Pods-Fuel.release.xcconfig"; sourceTree = "<group>"; };
/* End PBXFileReference section */

/* Begin PBXFrameworksBuildPhase section */
		2EBB51F029CCE111007D9D32 /* Frameworks */ = {
			isa = PBXFrameworksBuildPhase;
			buildActionMask = 2147483647;
			files = (
				CD613E17C2E43257F3F4E454 /* Pods_Fuel.framework in Frameworks */,
			);
			runOnlyForDeploymentPostprocessing = 0;
		};
/* End PBXFrameworksBuildPhase section */

/* Begin PBXGroup section */
		2552DAC0841FCD28DB784A97 /* Pods */ = {
			isa = PBXGroup;
			children = (
				528A69E1BA43E5B3D2EE6070 /* Pods-Fuel.debug.xcconfig */,
				BC7C0DD8162CA7178F003FBF /* Pods-Fuel.release.xcconfig */,
			);
			name = Pods;
			path = Pods;
			sourceTree = "<group>";
		};
		2E17036929CF6A9A00EE26D1 /* Calculator */ = {
			isa = PBXGroup;
			children = (
				2E17036C29CF6BF000EE26D1 /* Screen */,
				2E17036A29CF6B3200EE26D1 /* CalculatorVC.swift */,
			);
			path = Calculator;
			sourceTree = "<group>";
		};
		2E17036C29CF6BF000EE26D1 /* Screen */ = {
			isa = PBXGroup;
			children = (
				2E17036D29CF6C4400EE26D1 /* CalculatorScreen.swift */,
			);
			path = Screen;
			sourceTree = "<group>";
		};
		2E76E91029EFE48400DBC66F /* Extension */ = {
			isa = PBXGroup;
			children = (
				2E76E91129EFE4FD00DBC66F /* uiTextFieldExtesion.swift */,
				2E76E91329EFEB3D00DBC66F /* uiViewControllerExtension.swift */,
			);
			path = Extension;
			sourceTree = "<group>";
		};
		2E7E1A1F29E7F71400F83B0B /* Alert */ = {
			isa = PBXGroup;
			children = (
				2E7E1A2029E7F76300F83B0B /* Alert.swift */,
			);
			path = Alert;
			sourceTree = "<group>";
		};
		2E7E1A2229E8016F00F83B0B /* Result */ = {
			isa = PBXGroup;
			children = (
				2E7E1A2529E802E000F83B0B /* Screen */,
				2E7E1A2329E801E800F83B0B /* ResultVC.swift */,
			);
			path = Result;
			sourceTree = "<group>";
		};
		2E7E1A2529E802E000F83B0B /* Screen */ = {
			isa = PBXGroup;
			children = (
				2E7E1A2629E8037900F83B0B /* ResultScreen.swift */,
			);
			path = Screen;
			sourceTree = "<group>";
		};
		2E836AC929CD96F400E96F62 /* Home */ = {
			isa = PBXGroup;
			children = (
				2E836ACA29CD973300E96F62 /* Screen */,
				2EBB51FA29CCE111007D9D32 /* HomeVC.swift */,
			);
			path = Home;
			sourceTree = "<group>";
		};
		2E836ACA29CD973300E96F62 /* Screen */ = {
			isa = PBXGroup;
			children = (
				2E836ACB29CD978300E96F62 /* HomeScreen.swift */,
			);
			path = Screen;
			sourceTree = "<group>";
		};
		2EBB51EA29CCE111007D9D32 = {
			isa = PBXGroup;
			children = (
				2E76E91029EFE48400DBC66F /* Extension */,
				2EBB51F529CCE111007D9D32 /* Fuel */,
				2EBB51F429CCE111007D9D32 /* Products */,
				2552DAC0841FCD28DB784A97 /* Pods */,
				5D595BE6BD0ADB1473B81AAF /* Frameworks */,
			);
			sourceTree = "<group>";
		};
		2EBB51F429CCE111007D9D32 /* Products */ = {
			isa = PBXGroup;
			children = (
				2EBB51F329CCE111007D9D32 /* Fuel.app */,
			);
			name = Products;
			sourceTree = "<group>";
		};
		2EBB51F529CCE111007D9D32 /* Fuel */ = {
			isa = PBXGroup;
			children = (
				2E7E1A2229E8016F00F83B0B /* Result */,
				2E7E1A1F29E7F71400F83B0B /* Alert */,
				2E17036929CF6A9A00EE26D1 /* Calculator */,
				2E836AC929CD96F400E96F62 /* Home */,
				2EBB51F629CCE111007D9D32 /* AppDelegate.swift */,
				2EBB51F829CCE111007D9D32 /* SceneDelegate.swift */,
				2EBB51FF29CCE114007D9D32 /* Assets.xcassets */,
				2EBB520129CCE115007D9D32 /* LaunchScreen.storyboard */,
				2EBB520429CCE115007D9D32 /* Info.plist */,
			);
			path = Fuel;
			sourceTree = "<group>";
		};
		5D595BE6BD0ADB1473B81AAF /* Frameworks */ = {
			isa = PBXGroup;
			children = (
				4DB771B5609D732B902D5929 /* Pods_Fuel.framework */,
			);
			name = Frameworks;
			sourceTree = "<group>";
		};
/* End PBXGroup section */

/* Begin PBXNativeTarget section */
		2EBB51F229CCE111007D9D32 /* Fuel */ = {
			isa = PBXNativeTarget;
			buildConfigurationList = 2EBB520729CCE115007D9D32 /* Build configuration list for PBXNativeTarget "Fuel" */;
			buildPhases = (
				CD96D42883121E5AADBE69CA /* [CP] Check Pods Manifest.lock */,
				2EBB51EF29CCE111007D9D32 /* Sources */,
				2EBB51F029CCE111007D9D32 /* Frameworks */,
				2EBB51F129CCE111007D9D32 /* Resources */,
				01D00C7550831526CA2FF3B7 /* [CP] Embed Pods Frameworks */,
			);
			buildRules = (
			);
			dependencies = (
			);
			name = Fuel;
			productName = Fuel;
			productReference = 2EBB51F329CCE111007D9D32 /* Fuel.app */;
			productType = "com.apple.product-type.application";
		};
/* End PBXNativeTarget section */

/* Begin PBXProject section */
		2EBB51EB29CCE111007D9D32 /* Project object */ = {
			isa = PBXProject;
			attributes = {
				BuildIndependentTargetsInParallel = 1;
				LastSwiftUpdateCheck = 1340;
				LastUpgradeCheck = 1340;
				TargetAttributes = {
					2EBB51F229CCE111007D9D32 = {
						CreatedOnToolsVersion = 13.4;
					};
				};
			};
			buildConfigurationList = 2EBB51EE29CCE111007D9D32 /* Build configuration list for PBXProject "Fuel" */;
			compatibilityVersion = "Xcode 13.0";
			developmentRegion = en;
			hasScannedForEncodings = 0;
			knownRegions = (
				en,
				Base,
			);
			mainGroup = 2EBB51EA29CCE111007D9D32;
			productRefGroup = 2EBB51F429CCE111007D9D32 /* Products */;
			projectDirPath = "";
			projectRoot = "";
			targets = (
				2EBB51F229CCE111007D9D32 /* Fuel */,
			);
		};
/* End PBXProject section */

/* Begin PBXResourcesBuildPhase section */
		2EBB51F129CCE111007D9D32 /* Resources */ = {
			isa = PBXResourcesBuildPhase;
			buildActionMask = 2147483647;
			files = (
				2EBB520329CCE115007D9D32 /* LaunchScreen.storyboard in Resources */,
				2EBB520029CCE115007D9D32 /* Assets.xcassets in Resources */,
			);
			runOnlyForDeploymentPostprocessing = 0;
		};
/* End PBXResourcesBuildPhase section */

/* Begin PBXShellScriptBuildPhase section */
		01D00C7550831526CA2FF3B7 /* [CP] Embed Pods Frameworks */ = {
			isa = PBXShellScriptBuildPhase;
			buildActionMask = 2147483647;
			files = (
			);
			inputFileListPaths = (
				"${PODS_ROOT}/Target Support Files/Pods-Fuel/Pods-Fuel-frameworks-${CONFIGURATION}-input-files.xcfilelist",
			);
			name = "[CP] Embed Pods Frameworks";
			outputFileListPaths = (
				"${PODS_ROOT}/Target Support Files/Pods-Fuel/Pods-Fuel-frameworks-${CONFIGURATION}-output-files.xcfilelist",
			);
			runOnlyForDeploymentPostprocessing = 0;
			shellPath = /bin/sh;
			shellScript = "\"${PODS_ROOT}/Target Support Files/Pods-Fuel/Pods-Fuel-frameworks.sh\"\n";
			showEnvVarsInLog = 0;
		};
		CD96D42883121E5AADBE69CA /* [CP] Check Pods Manifest.lock */ = {
			isa = PBXShellScriptBuildPhase;
			buildActionMask = 2147483647;
			files = (
			);
			inputFileListPaths = (
			);
			inputPaths = (
				"${PODS_PODFILE_DIR_PATH}/Podfile.lock",
				"${PODS_ROOT}/Manifest.lock",
			);
			name = "[CP] Check Pods Manifest.lock";
			outputFileListPaths = (
			);
			outputPaths = (
				"$(DERIVED_FILE_DIR)/Pods-Fuel-checkManifestLockResult.txt",
			);
			runOnlyForDeploymentPostprocessing = 0;
			shellPath = /bin/sh;
			shellScript = "diff \"${PODS_PODFILE_DIR_PATH}/Podfile.lock\" \"${PODS_ROOT}/Manifest.lock\" > /dev/null\nif [ $? != 0 ] ; then\n    # print error to STDERR\n    echo \"error: The sandbox is not in sync with the Podfile.lock. Run 'pod install' or update your CocoaPods installation.\" >&2\n    exit 1\nfi\n# This output is used by Xcode 'outputs' to avoid re-running this script phase.\necho \"SUCCESS\" > \"${SCRIPT_OUTPUT_FILE_0}\"\n";
			showEnvVarsInLog = 0;
		};
/* End PBXShellScriptBuildPhase section */

/* Begin PBXSourcesBuildPhase section */
		2EBB51EF29CCE111007D9D32 /* Sources */ = {
			isa = PBXSourcesBuildPhase;
			buildActionMask = 2147483647;
			files = (
				2E17036B29CF6B3200EE26D1 /* CalculatorVC.swift in Sources */,
				2E836ACC29CD978300E96F62 /* HomeScreen.swift in Sources */,
				2EBB51FB29CCE111007D9D32 /* HomeVC.swift in Sources */,
				2EBB51F729CCE111007D9D32 /* AppDelegate.swift in Sources */,
				2E76E91229EFE4FD00DBC66F /* uiTextFieldExtesion.swift in Sources */,
				2E7E1A2729E8037900F83B0B /* ResultScreen.swift in Sources */,
				2EBB51F929CCE111007D9D32 /* SceneDelegate.swift in Sources */,
				2E76E91429EFEB3D00DBC66F /* uiViewControllerExtension.swift in Sources */,
				2E17036E29CF6C4400EE26D1 /* CalculatorScreen.swift in Sources */,
				2E7E1A2429E801E800F83B0B /* ResultVC.swift in Sources */,
				2E7E1A2129E7F76300F83B0B /* Alert.swift in Sources */,
			);
			runOnlyForDeploymentPostprocessing = 0;
		};
/* End PBXSourcesBuildPhase section */

/* Begin PBXVariantGroup section */
		2EBB520129CCE115007D9D32 /* LaunchScreen.storyboard */ = {
			isa = PBXVariantGroup;
			children = (
				2EBB520229CCE115007D9D32 /* Base */,
			);
			name = LaunchScreen.storyboard;
			sourceTree = "<group>";
		};
/* End PBXVariantGroup section */

/* Begin XCBuildConfiguration section */
		2EBB520529CCE115007D9D32 /* Debug */ = {
			isa = XCBuildConfiguration;
			buildSettings = {
				ALWAYS_SEARCH_USER_PATHS = NO;
				CLANG_ANALYZER_NONNULL = YES;
				CLANG_ANALYZER_NUMBER_OBJECT_CONVERSION = YES_AGGRESSIVE;
				CLANG_CXX_LANGUAGE_STANDARD = "gnu++17";
				CLANG_ENABLE_MODULES = YES;
				CLANG_ENABLE_OBJC_ARC = YES;
				CLANG_ENABLE_OBJC_WEAK = YES;
				CLANG_WARN_BLOCK_CAPTURE_AUTORELEASING = YES;
				CLANG_WARN_BOOL_CONVERSION = YES;
				CLANG_WARN_COMMA = YES;
				CLANG_WARN_CONSTANT_CONVERSION = YES;
				CLANG_WARN_DEPRECATED_OBJC_IMPLEMENTATIONS = YES;
				CLANG_WARN_DIRECT_OBJC_ISA_USAGE = YES_ERROR;
				CLANG_WARN_DOCUMENTATION_COMMENTS = YES;
				CLANG_WARN_EMPTY_BODY = YES;
				CLANG_WARN_ENUM_CONVERSION = YES;
				CLANG_WARN_INFINITE_RECURSION = YES;
				CLANG_WARN_INT_CONVERSION = YES;
				CLANG_WARN_NON_LITERAL_NULL_CONVERSION = YES;
				CLANG_WARN_OBJC_IMPLICIT_RETAIN_SELF = YES;
				CLANG_WARN_OBJC_LITERAL_CONVERSION = YES;
				CLANG_WARN_OBJC_ROOT_CLASS = YES_ERROR;
				CLANG_WARN_QUOTED_INCLUDE_IN_FRAMEWORK_HEADER = YES;
				CLANG_WARN_RANGE_LOOP_ANALYSIS = YES;
				CLANG_WARN_STRICT_PROTOTYPES = YES;
				CLANG_WARN_SUSPICIOUS_MOVE = YES;
				CLANG_WARN_UNGUARDED_AVAILABILITY = YES_AGGRESSIVE;
				CLANG_WARN_UNREACHABLE_CODE = YES;
				CLANG_WARN__DUPLICATE_METHOD_MATCH = YES;
				COPY_PHASE_STRIP = NO;
				DEBUG_INFORMATION_FORMAT = dwarf;
				ENABLE_STRICT_OBJC_MSGSEND = YES;
				ENABLE_TESTABILITY = YES;
				GCC_C_LANGUAGE_STANDARD = gnu11;
				GCC_DYNAMIC_NO_PIC = NO;
				GCC_NO_COMMON_BLOCKS = YES;
				GCC_OPTIMIZATION_LEVEL = 0;
				GCC_PREPROCESSOR_DEFINITIONS = (
					"DEBUG=1",
					"$(inherited)",
				);
				GCC_WARN_64_TO_32_BIT_CONVERSION = YES;
				GCC_WARN_ABOUT_RETURN_TYPE = YES_ERROR;
				GCC_WARN_UNDECLARED_SELECTOR = YES;
				GCC_WARN_UNINITIALIZED_AUTOS = YES_AGGRESSIVE;
				GCC_WARN_UNUSED_FUNCTION = YES;
				GCC_WARN_UNUSED_VARIABLE = YES;
				IPHONEOS_DEPLOYMENT_TARGET = 15.5;
				MTL_ENABLE_DEBUG_INFO = INCLUDE_SOURCE;
				MTL_FAST_MATH = YES;
				ONLY_ACTIVE_ARCH = YES;
				SDKROOT = iphoneos;
				SWIFT_ACTIVE_COMPILATION_CONDITIONS = DEBUG;
				SWIFT_OPTIMIZATION_LEVEL = "-Onone";
			};
			name = Debug;
		};
		2EBB520629CCE115007D9D32 /* Release */ = {
			isa = XCBuildConfiguration;
			buildSettings = {
				ALWAYS_SEARCH_USER_PATHS = NO;
				CLANG_ANALYZER_NONNULL = YES;
				CLANG_ANALYZER_NUMBER_OBJECT_CONVERSION = YES_AGGRESSIVE;
				CLANG_CXX_LANGUAGE_STANDARD = "gnu++17";
				CLANG_ENABLE_MODULES = YES;
				CLANG_ENABLE_OBJC_ARC = YES;
				CLANG_ENABLE_OBJC_WEAK = YES;
				CLANG_WARN_BLOCK_CAPTURE_AUTORELEASING = YES;
				CLANG_WARN_BOOL_CONVERSION = YES;
				CLANG_WARN_COMMA = YES;
				CLANG_WARN_CONSTANT_CONVERSION = YES;
				CLANG_WARN_DEPRECATED_OBJC_IMPLEMENTATIONS = YES;
				CLANG_WARN_DIRECT_OBJC_ISA_USAGE = YES_ERROR;
				CLANG_WARN_DOCUMENTATION_COMMENTS = YES;
				CLANG_WARN_EMPTY_BODY = YES;
				CLANG_WARN_ENUM_CONVERSION = YES;
				CLANG_WARN_INFINITE_RECURSION = YES;
				CLANG_WARN_INT_CONVERSION = YES;
				CLANG_WARN_NON_LITERAL_NULL_CONVERSION = YES;
				CLANG_WARN_OBJC_IMPLICIT_RETAIN_SELF = YES;
				CLANG_WARN_OBJC_LITERAL_CONVERSION = YES;
				CLANG_WARN_OBJC_ROOT_CLASS = YES_ERROR;
				CLANG_WARN_QUOTED_INCLUDE_IN_FRAMEWORK_HEADER = YES;
				CLANG_WARN_RANGE_LOOP_ANALYSIS = YES;
				CLANG_WARN_STRICT_PROTOTYPES = YES;
				CLANG_WARN_SUSPICIOUS_MOVE = YES;
				CLANG_WARN_UNGUARDED_AVAILABILITY = YES_AGGRESSIVE;
				CLANG_WARN_UNREACHABLE_CODE = YES;
				CLANG_WARN__DUPLICATE_METHOD_MATCH = YES;
				COPY_PHASE_STRIP = NO;
				DEBUG_INFORMATION_FORMAT = "dwarf-with-dsym";
				ENABLE_NS_ASSERTIONS = NO;
				ENABLE_STRICT_OBJC_MSGSEND = YES;
				GCC_C_LANGUAGE_STANDARD = gnu11;
				GCC_NO_COMMON_BLOCKS = YES;
				GCC_WARN_64_TO_32_BIT_CONVERSION = YES;
				GCC_WARN_ABOUT_RETURN_TYPE = YES_ERROR;
				GCC_WARN_UNDECLARED_SELECTOR = YES;
				GCC_WARN_UNINITIALIZED_AUTOS = YES_AGGRESSIVE;
				GCC_WARN_UNUSED_FUNCTION = YES;
				GCC_WARN_UNUSED_VARIABLE = YES;
				IPHONEOS_DEPLOYMENT_TARGET = 15.5;
				MTL_ENABLE_DEBUG_INFO = NO;
				MTL_FAST_MATH = YES;
				SDKROOT = iphoneos;
				SWIFT_COMPILATION_MODE = wholemodule;
				SWIFT_OPTIMIZATION_LEVEL = "-O";
				VALIDATE_PRODUCT = YES;
			};
			name = Release;
		};
		2EBB520829CCE115007D9D32 /* Debug */ = {
			isa = XCBuildConfiguration;
			baseConfigurationReference = 528A69E1BA43E5B3D2EE6070 /* Pods-Fuel.debug.xcconfig */;
			buildSettings = {
				ASSETCATALOG_COMPILER_APPICON_NAME = AppIcon;
				ASSETCATALOG_COMPILER_GLOBAL_ACCENT_COLOR_NAME = AccentColor;
				CODE_SIGN_STYLE = Automatic;
				CURRENT_PROJECT_VERSION = 1;
				GENERATE_INFOPLIST_FILE = YES;
				INFOPLIST_FILE = Fuel/Info.plist;
				INFOPLIST_KEY_UIApplicationSupportsIndirectInputEvents = YES;
				INFOPLIST_KEY_UILaunchStoryboardName = LaunchScreen;
				INFOPLIST_KEY_UISupportedInterfaceOrientations_iPad = "UIInterfaceOrientationPortrait UIInterfaceOrientationPortraitUpsideDown UIInterfaceOrientationLandscapeLeft UIInterfaceOrientationLandscapeRight";
				INFOPLIST_KEY_UISupportedInterfaceOrientations_iPhone = "UIInterfaceOrientationPortrait UIInterfaceOrientationLandscapeLeft UIInterfaceOrientationLandscapeRight";
				IPHONEOS_DEPLOYMENT_TARGET = 16.4;
				LD_RUNPATH_SEARCH_PATHS = (
					"$(inherited)",
					"@executable_path/Frameworks",
				);
				MARKETING_VERSION = 1.0;
				PRODUCT_BUNDLE_IDENTIFIER = RodriguesDiego.Fuel;
				PRODUCT_NAME = "$(TARGET_NAME)";
				SWIFT_EMIT_LOC_STRINGS = YES;
				SWIFT_VERSION = 5.0;
				TARGETED_DEVICE_FAMILY = 1;
			};
			name = Debug;
		};
		2EBB520929CCE115007D9D32 /* Release */ = {
			isa = XCBuildConfiguration;
			baseConfigurationReference = BC7C0DD8162CA7178F003FBF /* Pods-Fuel.release.xcconfig */;
			buildSettings = {
				ASSETCATALOG_COMPILER_APPICON_NAME = AppIcon;
				ASSETCATALOG_COMPILER_GLOBAL_ACCENT_COLOR_NAME = AccentColor;
				CODE_SIGN_STYLE = Automatic;
				CURRENT_PROJECT_VERSION = 1;
				GENERATE_INFOPLIST_FILE = YES;
				INFOPLIST_FILE = Fuel/Info.plist;
				INFOPLIST_KEY_UIApplicationSupportsIndirectInputEvents = YES;
				INFOPLIST_KEY_UILaunchStoryboardName = LaunchScreen;
				INFOPLIST_KEY_UISupportedInterfaceOrientations_iPad = "UIInterfaceOrientationPortrait UIInterfaceOrientationPortraitUpsideDown UIInterfaceOrientationLandscapeLeft UIInterfaceOrientationLandscapeRight";
				INFOPLIST_KEY_UISupportedInterfaceOrientations_iPhone = "UIInterfaceOrientationPortrait UIInterfaceOrientationLandscapeLeft UIInterfaceOrientationLandscapeRight";
				IPHONEOS_DEPLOYMENT_TARGET = 16.4;
				LD_RUNPATH_SEARCH_PATHS = (
					"$(inherited)",
					"@executable_path/Frameworks",
				);
				MARKETING_VERSION = 1.0;
				PRODUCT_BUNDLE_IDENTIFIER = RodriguesDiego.Fuel;
				PRODUCT_NAME = "$(TARGET_NAME)";
				SWIFT_EMIT_LOC_STRINGS = YES;
				SWIFT_VERSION = 5.0;
				TARGETED_DEVICE_FAMILY = 1;
			};
			name = Release;
		};
/* End XCBuildConfiguration section */

/* Begin XCConfigurationList section */
		2EBB51EE29CCE111007D9D32 /* Build configuration list for PBXProject "Fuel" */ = {
			isa = XCConfigurationList;
			buildConfigurations = (
				2EBB520529CCE115007D9D32 /* Debug */,
				2EBB520629CCE115007D9D32 /* Release */,
			);
			defaultConfigurationIsVisible = 0;
			defaultConfigurationName = Release;
		};
		2EBB520729CCE115007D9D32 /* Build configuration list for PBXNativeTarget "Fuel" */ = {
			isa = XCConfigurationList;
			buildConfigurations = (
				2EBB520829CCE115007D9D32 /* Debug */,
				2EBB520929CCE115007D9D32 /* Release */,
			);
			defaultConfigurationIsVisible = 0;
			defaultConfigurationName = Release;
		};
/* End XCConfigurationList section */
	};
	rootObject = 2EBB51EB29CCE111007D9D32 /* Project object */;
}
